
Microsoft Visual Studio Solution File, Format Version 12.00
# Visual Studio 15
VisualStudioVersion = 15.0.27130.2020
MinimumVisualStudioVersion = 10.0.40219.1
Project("{FAE04EC0-301F-11D3-BF4B-00C04F79EFBC}") = "RandomMovie", "RandomMovie\RandomMovie.csproj", "{6408B819-7763-4133-94FD-F8855F7C80FF}"
EndProject
Global
	GlobalSection(SolutionConfigurationPlatforms) = preSolution
		Debug|Any CPU = Debug|Any CPU
		Release|Any CPU = Release|Any CPU
	EndGlobalSection
	GlobalSection(ProjectConfigurationPlatforms) = postSolution
		{6408B819-7763-4133-94FD-F8855F7C80FF}.Debug|Any CPU.ActiveCfg = Debug|Any CPU
		{6408B819-7763-4133-94FD-F8855F7C80FF}.Debug|Any CPU.Build.0 = Debug|Any CPU
		{6408B819-7763-4133-94FD-F8855F7C80FF}.Release|Any CPU.ActiveCfg = Release|Any CPU
		{6408B819-7763-4133-94FD-F8855F7C80FF}.Release|Any CPU.Build.0 = Release|Any CPU
	EndGlobalSection
	GlobalSection(SolutionProperties) = preSolution
		HideSolutionNode = FALSE
	EndGlobalSection
	GlobalSection(ExtensibilityGlobals) = postSolution
		SolutionGuid = {1C992C54-6581-43A3-9C3E-AF59B05B1216}
	EndGlobalSection
EndGlobal
