
Microsoft Visual Studio Solution File, Format Version 12.00
# Visual Studio 15
VisualStudioVersion = 15.0.27130.2020
MinimumVisualStudioVersion = 10.0.40219.1
Project("{FAE04EC0-301F-11D3-BF4B-00C04F79EFBC}") = "Lab3_Tasks", "Lab3_Tasks\Lab3_Tasks.csproj", "{2B8B7741-D981-4FC5-A326-30F7B85D107B}"
EndProject
Global
	GlobalSection(SolutionConfigurationPlatforms) = preSolution
		Debug|Any CPU = Debug|Any CPU
		Release|Any CPU = Release|Any CPU
	EndGlobalSection
	GlobalSection(ProjectConfigurationPlatforms) = postSolution
		{2B8B7741-D981-4FC5-A326-30F7B85D107B}.Debug|Any CPU.ActiveCfg = Debug|Any CPU
		{2B8B7741-D981-4FC5-A326-30F7B85D107B}.Debug|Any CPU.Build.0 = Debug|Any CPU
		{2B8B7741-D981-4FC5-A326-30F7B85D107B}.Release|Any CPU.ActiveCfg = Release|Any CPU
		{2B8B7741-D981-4FC5-A326-30F7B85D107B}.Release|Any CPU.Build.0 = Release|Any CPU
	EndGlobalSection
	GlobalSection(SolutionProperties) = preSolution
		HideSolutionNode = FALSE
	EndGlobalSection
	GlobalSection(ExtensibilityGlobals) = postSolution
		SolutionGuid = {2BBDDC7D-9512-4DD8-9BAB-022F00F6C079}
	EndGlobalSection
EndGlobal
