
Microsoft Visual Studio Solution File, Format Version 12.00
# Visual Studio 15
VisualStudioVersion = 15.0.27130.2020
MinimumVisualStudioVersion = 10.0.40219.1
Project("{FAE04EC0-301F-11D3-BF4B-00C04F79EFBC}") = "SpellCorrector", "SpellCorrector\SpellCorrector.csproj", "{95CA557F-BE1B-4FB4-8AF6-AEA6C487409A}"
EndProject
Global
	GlobalSection(SolutionConfigurationPlatforms) = preSolution
		Debug|Any CPU = Debug|Any CPU
		Release|Any CPU = Release|Any CPU
	EndGlobalSection
	GlobalSection(ProjectConfigurationPlatforms) = postSolution
		{95CA557F-BE1B-4FB4-8AF6-AEA6C487409A}.Debug|Any CPU.ActiveCfg = Debug|Any CPU
		{95CA557F-BE1B-4FB4-8AF6-AEA6C487409A}.Debug|Any CPU.Build.0 = Debug|Any CPU
		{95CA557F-BE1B-4FB4-8AF6-AEA6C487409A}.Release|Any CPU.ActiveCfg = Release|Any CPU
		{95CA557F-BE1B-4FB4-8AF6-AEA6C487409A}.Release|Any CPU.Build.0 = Release|Any CPU
	EndGlobalSection
	GlobalSection(SolutionProperties) = preSolution
		HideSolutionNode = FALSE
	EndGlobalSection
	GlobalSection(ExtensibilityGlobals) = postSolution
		SolutionGuid = {B578C538-41E3-4FE9-AB04-2B10521689A8}
	EndGlobalSection
EndGlobal
