
Microsoft Visual Studio Solution File, Format Version 12.00
# Visual Studio 15
VisualStudioVersion = 15.0.27130.2020
MinimumVisualStudioVersion = 10.0.40219.1
Project("{FAE04EC0-301F-11D3-BF4B-00C04F79EFBC}") = "Triangle", "Triangle\Triangle.csproj", "{029947DB-9722-4B98-A5E6-40027E851C0C}"
EndProject
Global
	GlobalSection(SolutionConfigurationPlatforms) = preSolution
		Debug|Any CPU = Debug|Any CPU
		Release|Any CPU = Release|Any CPU
	EndGlobalSection
	GlobalSection(ProjectConfigurationPlatforms) = postSolution
		{029947DB-9722-4B98-A5E6-40027E851C0C}.Debug|Any CPU.ActiveCfg = Debug|Any CPU
		{029947DB-9722-4B98-A5E6-40027E851C0C}.Debug|Any CPU.Build.0 = Debug|Any CPU
		{029947DB-9722-4B98-A5E6-40027E851C0C}.Release|Any CPU.ActiveCfg = Release|Any CPU
		{029947DB-9722-4B98-A5E6-40027E851C0C}.Release|Any CPU.Build.0 = Release|Any CPU
	EndGlobalSection
	GlobalSection(SolutionProperties) = preSolution
		HideSolutionNode = FALSE
	EndGlobalSection
	GlobalSection(ExtensibilityGlobals) = postSolution
		SolutionGuid = {2CA46866-546D-4D5B-A5BD-A683C801CA8C}
	EndGlobalSection
EndGlobal
