
Microsoft Visual Studio Solution File, Format Version 12.00
# Visual Studio 15
VisualStudioVersion = 15.0.27130.2020
MinimumVisualStudioVersion = 10.0.40219.1
Project("{FAE04EC0-301F-11D3-BF4B-00C04F79EFBC}") = "QuizAboutMovie", "QuizAboutMovie\QuizAboutMovie.csproj", "{07172AE3-1548-4DAD-8E58-A81C0C329C5D}"
EndProject
Global
	GlobalSection(SolutionConfigurationPlatforms) = preSolution
		Debug|Any CPU = Debug|Any CPU
		Release|Any CPU = Release|Any CPU
	EndGlobalSection
	GlobalSection(ProjectConfigurationPlatforms) = postSolution
		{07172AE3-1548-4DAD-8E58-A81C0C329C5D}.Debug|Any CPU.ActiveCfg = Debug|Any CPU
		{07172AE3-1548-4DAD-8E58-A81C0C329C5D}.Debug|Any CPU.Build.0 = Debug|Any CPU
		{07172AE3-1548-4DAD-8E58-A81C0C329C5D}.Release|Any CPU.ActiveCfg = Release|Any CPU
		{07172AE3-1548-4DAD-8E58-A81C0C329C5D}.Release|Any CPU.Build.0 = Release|Any CPU
	EndGlobalSection
	GlobalSection(SolutionProperties) = preSolution
		HideSolutionNode = FALSE
	EndGlobalSection
	GlobalSection(ExtensibilityGlobals) = postSolution
		SolutionGuid = {AEFD4FB3-3814-4DA3-B777-A991001AC190}
	EndGlobalSection
EndGlobal
