
Microsoft Visual Studio Solution File, Format Version 12.00
# Visual Studio 15
VisualStudioVersion = 15.0.27130.2020
MinimumVisualStudioVersion = 10.0.40219.1
Project("{FAE04EC0-301F-11D3-BF4B-00C04F79EFBC}") = "FileSearcher", "FileSearcher\FileSearcher.csproj", "{81F7E02F-A7D8-4664-9BD8-6957AC161EEE}"
EndProject
Global
	GlobalSection(SolutionConfigurationPlatforms) = preSolution
		Debug|Any CPU = Debug|Any CPU
		Release|Any CPU = Release|Any CPU
	EndGlobalSection
	GlobalSection(ProjectConfigurationPlatforms) = postSolution
		{81F7E02F-A7D8-4664-9BD8-6957AC161EEE}.Debug|Any CPU.ActiveCfg = Debug|Any CPU
		{81F7E02F-A7D8-4664-9BD8-6957AC161EEE}.Debug|Any CPU.Build.0 = Debug|Any CPU
		{81F7E02F-A7D8-4664-9BD8-6957AC161EEE}.Release|Any CPU.ActiveCfg = Release|Any CPU
		{81F7E02F-A7D8-4664-9BD8-6957AC161EEE}.Release|Any CPU.Build.0 = Release|Any CPU
	EndGlobalSection
	GlobalSection(SolutionProperties) = preSolution
		HideSolutionNode = FALSE
	EndGlobalSection
	GlobalSection(ExtensibilityGlobals) = postSolution
		SolutionGuid = {155797F7-6DF1-4E1E-871D-2DC5C795689D}
	EndGlobalSection
EndGlobal
