
Microsoft Visual Studio Solution File, Format Version 12.00
# Visual Studio 15
VisualStudioVersion = 15.0.27130.2020
MinimumVisualStudioVersion = 10.0.40219.1
Project("{FAE04EC0-301F-11D3-BF4B-00C04F79EFBC}") = "DubaiMall2", "DubaiMall2\DubaiMall2.csproj", "{9655DF3A-E38E-4270-8EE8-7B6342B9B876}"
EndProject
Global
	GlobalSection(SolutionConfigurationPlatforms) = preSolution
		Debug|Any CPU = Debug|Any CPU
		Release|Any CPU = Release|Any CPU
	EndGlobalSection
	GlobalSection(ProjectConfigurationPlatforms) = postSolution
		{9655DF3A-E38E-4270-8EE8-7B6342B9B876}.Debug|Any CPU.ActiveCfg = Debug|Any CPU
		{9655DF3A-E38E-4270-8EE8-7B6342B9B876}.Debug|Any CPU.Build.0 = Debug|Any CPU
		{9655DF3A-E38E-4270-8EE8-7B6342B9B876}.Release|Any CPU.ActiveCfg = Release|Any CPU
		{9655DF3A-E38E-4270-8EE8-7B6342B9B876}.Release|Any CPU.Build.0 = Release|Any CPU
	EndGlobalSection
	GlobalSection(SolutionProperties) = preSolution
		HideSolutionNode = FALSE
	EndGlobalSection
	GlobalSection(ExtensibilityGlobals) = postSolution
		SolutionGuid = {D664A8CF-CF84-44D8-B007-DF790551EAD8}
	EndGlobalSection
EndGlobal
